
Microsoft Visual Studio Solution File, Format Version 12.00
# Visual Studio 2013
VisualStudioVersion = 12.0.31101.0
MinimumVisualStudioVersion = 10.0.40219.1
Project("{FAE04EC0-301F-11D3-BF4B-00C04F79EFBC}") = "Paint", "Paint\Paint.csproj", "{559DA434-20F3-44A5-87C4-32E468F9C3FA}"
EndProject
Project("{FAE04EC0-301F-11D3-BF4B-00C04F79EFBC}") = "Interface", "Interface\Interface.csproj", "{398D1142-4A07-4404-AB0F-330AF11650B9}"
EndProject
Global
	GlobalSection(SolutionConfigurationPlatforms) = preSolution
		Debug|Any CPU = Debug|Any CPU
		Release|Any CPU = Release|Any CPU
	EndGlobalSection
	GlobalSection(ProjectConfigurationPlatforms) = postSolution
		{559DA434-20F3-44A5-87C4-32E468F9C3FA}.Debug|Any CPU.ActiveCfg = Debug|Any CPU
		{559DA434-20F3-44A5-87C4-32E468F9C3FA}.Debug|Any CPU.Build.0 = Debug|Any CPU
		{559DA434-20F3-44A5-87C4-32E468F9C3FA}.Release|Any CPU.ActiveCfg = Release|Any CPU
		{559DA434-20F3-44A5-87C4-32E468F9C3FA}.Release|Any CPU.Build.0 = Release|Any CPU
		{398D1142-4A07-4404-AB0F-330AF11650B9}.Debug|Any CPU.ActiveCfg = Debug|Any CPU
		{398D1142-4A07-4404-AB0F-330AF11650B9}.Debug|Any CPU.Build.0 = Debug|Any CPU
		{398D1142-4A07-4404-AB0F-330AF11650B9}.Release|Any CPU.ActiveCfg = Release|Any CPU
		{398D1142-4A07-4404-AB0F-330AF11650B9}.Release|Any CPU.Build.0 = Release|Any CPU
	EndGlobalSection
	GlobalSection(SolutionProperties) = preSolution
		HideSolutionNode = FALSE
	EndGlobalSection
EndGlobal
